{
  "version": 4,
  "terraform_version": "1.1.7",
  "serial": 73,
  "lineage": "c69881ed-5351-dbe4-30af-87d184d78c31",
  "outputs": {},
  "resources": [
    {
      "mode": "managed",
      "type": "google_bigquery_dataset",
      "name": "dataset",
      "provider": "provider[\"registry.terraform.io/hashicorp/google\"]",
      "instances": [
        {
          "schema_version": 0,
          "attributes": {
            "access": [
              {
                "dataset": [],
                "domain": "",
                "group_by_email": "",
                "role": "OWNER",
                "special_group": "",
                "user_by_email": "mh.atout@wothoq.co",
                "view": []
              },
              {
                "dataset": [],
                "domain": "",
                "group_by_email": "",
                "role": "OWNER",
                "special_group": "projectOwners",
                "user_by_email": "",
                "view": []
              },
              {
                "dataset": [],
                "domain": "",
                "group_by_email": "",
                "role": "READER",
                "special_group": "projectReaders",
                "user_by_email": "",
                "view": []
              },
              {
                "dataset": [],
                "domain": "",
                "group_by_email": "",
                "role": "WRITER",
                "special_group": "projectWriters",
                "user_by_email": "",
                "view": []
              }
            ],
            "creation_time": 1648035573040,
            "dataset_id": "ukraine_tweets",
            "default_encryption_configuration": [],
            "default_partition_expiration_ms": 0,
            "default_table_expiration_ms": 0,
            "delete_contents_on_destroy": false,
            "description": "",
            "etag": "BaVKHJ9Z5ciIWdCV4e98Rw==",
            "friendly_name": "",
            "id": "projects/tidal-heading-344916/datasets/ukraine_tweets",
            "labels": {},
            "last_modified_time": 1648035573040,
            "location": "US",
            "project": "tidal-heading-344916",
            "self_link": "https://bigquery.googleapis.com/bigquery/v2/projects/tidal-heading-344916/datasets/ukraine_tweets",
            "timeouts": null
          },
          "sensitive_attributes": [],
          "private": "eyJlMmJmYjczMC1lY2FhLTExZTYtOGY4OC0zNDM2M2JjN2M0YzAiOnsiY3JlYXRlIjoxMjAwMDAwMDAwMDAwLCJkZWxldGUiOjEyMDAwMDAwMDAwMDAsInVwZGF0ZSI6MTIwMDAwMDAwMDAwMH19"
        }
      ]
    },
    {
      "mode": "managed",
      "type": "google_composer_environment",
      "name": "airflow",
      "provider": "provider[\"registry.terraform.io/hashicorp/google\"]",
      "instances": [
        {
          "schema_version": 0,
          "attributes": {
            "config": [
              {
                "airflow_uri": "https://l31064c1ef7fb9133p-tp.appspot.com",
                "dag_gcs_prefix": "gs://europe-west1-airflow-1eb1fa41-bucket/dags",
                "database_config": [
                  {
                    "machine_type": "db-n1-standard-2"
                  }
                ],
                "encryption_config": [
                  {
                    "kms_key_name": ""
                  }
                ],
                "environment_size": "",
                "gke_cluster": "projects/tidal-heading-344916/zones/europe-west1-b/clusters/europe-west1-airflow-1eb1fa41-gke",
                "maintenance_window": [
                  {
                    "end_time": "1970-01-01T04:00:00Z",
                    "recurrence": "FREQ=WEEKLY;BYDAY=FR,SA,SU",
                    "start_time": "1970-01-01T00:00:00Z"
                  }
                ],
                "node_config": [
                  {
                    "disk_size_gb": 100,
                    "ip_allocation_policy": [
                      {
                        "cluster_ipv4_cidr_block": "",
                        "cluster_secondary_range_name": "",
                        "services_ipv4_cidr_block": "",
                        "services_secondary_range_name": "",
                        "use_ip_aliases": false
                      }
                    ],
                    "machine_type": "projects/tidal-heading-344916/zones/europe-west1-b/machineTypes/n1-standard-1",
                    "network": "projects/tidal-heading-344916/global/networks/composer-network",
                    "oauth_scopes": [
                      "https://www.googleapis.com/auth/cloud-platform"
                    ],
                    "service_account": "composer-env-account@tidal-heading-344916.iam.gserviceaccount.com",
                    "subnetwork": "projects/tidal-heading-344916/regions/europe-west1/subnetworks/composer-subnetwork",
                    "tags": null,
                    "zone": "projects/tidal-heading-344916/zones/europe-west1-b"
                  }
                ],
                "node_count": 4,
                "private_environment_config": [
                  {
                    "cloud_composer_connection_subnetwork": "",
                    "cloud_composer_network_ipv4_cidr_block": "",
                    "cloud_sql_ipv4_cidr_block": "10.0.0.0/12",
                    "enable_private_endpoint": false,
                    "master_ipv4_cidr_block": "",
                    "web_server_ipv4_cidr_block": "172.31.251.0/24"
                  }
                ],
                "software_config": [
                  {
                    "airflow_config_overrides": null,
                    "env_variables": null,
                    "image_version": "composer-1.18.3-airflow-2.2.3",
                    "pypi_packages": null,
                    "python_version": "3",
                    "scheduler_count": 1
                  }
                ],
                "web_server_config": [
                  {
                    "machine_type": "composer-n1-webserver-2"
                  }
                ],
                "web_server_network_access_control": [
                  {
                    "allowed_ip_range": [
                      {
                        "description": "Allows access from all IPv4 addresses (default value)",
                        "value": "0.0.0.0/0"
                      },
                      {
                        "description": "Allows access from all IPv6 addresses (default value)",
                        "value": "::0/0"
                      }
                    ]
                  }
                ],
                "workloads_config": [
                  {
                    "scheduler": [
                      {
                        "count": null,
                        "cpu": null,
                        "memory_gb": null,
                        "storage_gb": null
                      }
                    ],
                    "web_server": [
                      {
                        "cpu": null,
                        "memory_gb": null,
                        "storage_gb": null
                      }
                    ],
                    "worker": [
                      {
                        "cpu": null,
                        "max_count": null,
                        "memory_gb": null,
                        "min_count": null,
                        "storage_gb": null
                      }
                    ]
                  }
                ]
              }
            ],
            "id": "projects/tidal-heading-344916/locations/europe-west1/environments/airflow",
            "labels": null,
            "name": "airflow",
            "project": "tidal-heading-344916",
            "region": "europe-west1",
            "timeouts": null
          },
          "sensitive_attributes": [],
          "private": "eyJlMmJmYjczMC1lY2FhLTExZTYtOGY4OC0zNDM2M2JjN2M0YzAiOnsiY3JlYXRlIjo3MjAwMDAwMDAwMDAwLCJkZWxldGUiOjE4MDAwMDAwMDAwMDAsInVwZGF0ZSI6NzIwMDAwMDAwMDAwMH19",
          "dependencies": [
            "google_compute_network.composer-network",
            "google_compute_subnetwork.composer-subnetwork",
            "google_service_account.composer_service_account"
          ]
        }
      ]
    },
    {
      "mode": "managed",
      "type": "google_compute_network",
      "name": "composer-network",
      "provider": "provider[\"registry.terraform.io/hashicorp/google\"]",
      "instances": [
        {
          "schema_version": 0,
          "attributes": {
            "auto_create_subnetworks": false,
            "delete_default_routes_on_create": false,
            "description": "",
            "gateway_ipv4": "",
            "id": "projects/tidal-heading-344916/global/networks/composer-network",
            "mtu": 0,
            "name": "composer-network",
            "project": "tidal-heading-344916",
            "routing_mode": "REGIONAL",
            "self_link": "https://www.googleapis.com/compute/v1/projects/tidal-heading-344916/global/networks/composer-network",
            "timeouts": null
          },
          "sensitive_attributes": [],
          "private": "eyJlMmJmYjczMC1lY2FhLTExZTYtOGY4OC0zNDM2M2JjN2M0YzAiOnsiY3JlYXRlIjoxMjAwMDAwMDAwMDAwLCJkZWxldGUiOjEyMDAwMDAwMDAwMDAsInVwZGF0ZSI6MTIwMDAwMDAwMDAwMH19"
        }
      ]
    },
    {
      "mode": "managed",
      "type": "google_compute_subnetwork",
      "name": "composer-subnetwork",
      "provider": "provider[\"registry.terraform.io/hashicorp/google\"]",
      "instances": [
        {
          "schema_version": 0,
          "attributes": {
            "creation_timestamp": "2022-03-23T08:55:41.529-07:00",
            "description": "",
            "external_ipv6_prefix": "",
            "fingerprint": null,
            "gateway_address": "10.2.0.1",
            "id": "projects/tidal-heading-344916/regions/europe-west1/subnetworks/composer-subnetwork",
            "ip_cidr_range": "10.2.0.0/24",
            "ipv6_access_type": "",
            "ipv6_cidr_range": "",
            "log_config": [],
            "name": "composer-subnetwork",
            "network": "https://www.googleapis.com/compute/v1/projects/tidal-heading-344916/global/networks/composer-network",
            "private_ip_google_access": false,
            "private_ipv6_google_access": "DISABLE_GOOGLE_ACCESS",
            "project": "tidal-heading-344916",
            "purpose": "PRIVATE",
            "region": "europe-west1",
            "role": "",
            "secondary_ip_range": [],
            "self_link": "https://www.googleapis.com/compute/v1/projects/tidal-heading-344916/regions/europe-west1/subnetworks/composer-subnetwork",
            "stack_type": "IPV4_ONLY",
            "timeouts": null
          },
          "sensitive_attributes": [],
          "private": "eyJlMmJmYjczMC1lY2FhLTExZTYtOGY4OC0zNDM2M2JjN2M0YzAiOnsiY3JlYXRlIjoxMjAwMDAwMDAwMDAwLCJkZWxldGUiOjEyMDAwMDAwMDAwMDAsInVwZGF0ZSI6MTIwMDAwMDAwMDAwMH19",
          "dependencies": [
            "google_compute_network.composer-network"
          ]
        }
      ]
    },
    {
      "mode": "managed",
      "type": "google_project_iam_member",
      "name": "composer-worker",
      "provider": "provider[\"registry.terraform.io/hashicorp/google\"]",
      "instances": [
        {
          "schema_version": 0,
          "attributes": {
            "condition": [],
            "etag": "BwXa4S9Ma7k=",
            "id": "tidal-heading-344916/roles/composer.worker/serviceAccount:composer-env-account@tidal-heading-344916.iam.gserviceaccount.com",
            "member": "serviceAccount:composer-env-account@tidal-heading-344916.iam.gserviceaccount.com",
            "project": "tidal-heading-344916",
            "role": "roles/composer.worker"
          },
          "sensitive_attributes": [],
          "private": "bnVsbA==",
          "dependencies": [
            "google_service_account.composer_service_account"
          ]
        }
      ]
    },
    {
      "mode": "managed",
      "type": "google_service_account",
      "name": "composer_service_account",
      "provider": "provider[\"registry.terraform.io/hashicorp/google\"]",
      "instances": [
        {
          "schema_version": 0,
          "attributes": {
            "account_id": "composer-env-account",
            "description": "",
            "disabled": false,
            "display_name": "Composer Environment Service Account",
            "email": "composer-env-account@tidal-heading-344916.iam.gserviceaccount.com",
            "id": "projects/tidal-heading-344916/serviceAccounts/composer-env-account@tidal-heading-344916.iam.gserviceaccount.com",
            "name": "projects/tidal-heading-344916/serviceAccounts/composer-env-account@tidal-heading-344916.iam.gserviceaccount.com",
            "project": "tidal-heading-344916",
            "timeouts": null,
            "unique_id": "105228604961578970529"
          },
          "sensitive_attributes": [],
          "private": "eyJlMmJmYjczMC1lY2FhLTExZTYtOGY4OC0zNDM2M2JjN2M0YzAiOnsiY3JlYXRlIjozMDAwMDAwMDAwMDB9fQ=="
        }
      ]
    },
    {
      "mode": "managed",
      "type": "google_storage_bucket",
      "name": "data-lake-bucket",
      "provider": "provider[\"registry.terraform.io/hashicorp/google\"]",
      "instances": [
        {
          "schema_version": 0,
          "attributes": {
            "cors": [],
            "default_event_based_hold": false,
            "encryption": [],
            "force_destroy": true,
            "id": "dtc_data_lake_tidal-heading-344916",
            "labels": {},
            "lifecycle_rule": [
              {
                "action": [
                  {
                    "storage_class": "",
                    "type": "Delete"
                  }
                ],
                "condition": [
                  {
                    "age": 60,
                    "created_before": "",
                    "custom_time_before": "",
                    "days_since_custom_time": 0,
                    "days_since_noncurrent_time": 0,
                    "matches_storage_class": [],
                    "noncurrent_time_before": "",
                    "num_newer_versions": 0,
                    "with_state": "ANY"
                  }
                ]
              }
            ],
            "location": "EUROPE-WEST1",
            "logging": [],
            "name": "dtc_data_lake_tidal-heading-344916",
            "project": "tidal-heading-344916",
            "requester_pays": false,
            "retention_policy": [],
            "self_link": "https://www.googleapis.com/storage/v1/b/dtc_data_lake_tidal-heading-344916",
            "storage_class": "STANDARD",
            "timeouts": null,
            "uniform_bucket_level_access": true,
            "url": "gs://dtc_data_lake_tidal-heading-344916",
            "versioning": [
              {
                "enabled": true
              }
            ],
            "website": []
          },
          "sensitive_attributes": [],
          "private": "eyJlMmJmYjczMC1lY2FhLTExZTYtOGY4OC0zNDM2M2JjN2M0YzAiOnsiY3JlYXRlIjoyNDAwMDAwMDAwMDAsInJlYWQiOjI0MDAwMDAwMDAwMCwidXBkYXRlIjoyNDAwMDAwMDAwMDB9fQ=="
        }
      ]
    }
  ]
}
